
Microsoft Visual Studio Solution File, Format Version 12.00
# Visual Studio Version 17
VisualStudioVersion = 17.8.34322.80
MinimumVisualStudioVersion = 10.0.40219.1
Project("{8BC9CEB8-8B4A-11D0-8D11-00A0C91BC942}") = "Testar_bit", "Testar_bit.vcxproj", "{59BBEBB2-1177-4B63-861A-C01FAEF509DE}"
EndProject
Global
	GlobalSection(SolutionConfigurationPlatforms) = preSolution
		Debug|x64 = Debug|x64
		Debug|x86 = Debug|x86
		Release|x64 = Release|x64
		Release|x86 = Release|x86
	EndGlobalSection
	GlobalSection(ProjectConfigurationPlatforms) = postSolution
		{59BBEBB2-1177-4B63-861A-C01FAEF509DE}.Debug|x64.ActiveCfg = Debug|x64
		{59BBEBB2-1177-4B63-861A-C01FAEF509DE}.Debug|x64.Build.0 = Debug|x64
		{59BBEBB2-1177-4B63-861A-C01FAEF509DE}.Debug|x86.ActiveCfg = Debug|Win32
		{59BBEBB2-1177-4B63-861A-C01FAEF509DE}.Debug|x86.Build.0 = Debug|Win32
		{59BBEBB2-1177-4B63-861A-C01FAEF509DE}.Release|x64.ActiveCfg = Release|x64
		{59BBEBB2-1177-4B63-861A-C01FAEF509DE}.Release|x64.Build.0 = Release|x64
		{59BBEBB2-1177-4B63-861A-C01FAEF509DE}.Release|x86.ActiveCfg = Release|Win32
		{59BBEBB2-1177-4B63-861A-C01FAEF509DE}.Release|x86.Build.0 = Release|Win32
	EndGlobalSection
	GlobalSection(SolutionProperties) = preSolution
		HideSolutionNode = FALSE
	EndGlobalSection
	GlobalSection(ExtensibilityGlobals) = postSolution
		SolutionGuid = {A63E42B5-8E51-47C4-A3D7-DB126A5DA01E}
	EndGlobalSection
EndGlobal
